
Microsoft Visual Studio Solution File, Format Version 12.00
# Visual Studio Version 16
VisualStudioVersion = 16.0.30907.101
MinimumVisualStudioVersion = 10.0.40219.1
Project("{6989167D-11E4-40FE-8C1A-2192A86A7E90}") = "mf5to6", "mf5to6.vfproj", "{EE5F8367-9220-45ED-9B0B-5942AF51229C}"
EndProject
Global
	GlobalSection(SolutionConfigurationPlatforms) = preSolution
		Debug|x64 = Debug|x64
		Debug|x86 = Debug|x86
		Release|x64 = Release|x64
		Release|x86 = Release|x86
	EndGlobalSection
	GlobalSection(ProjectConfigurationPlatforms) = postSolution
		{EE5F8367-9220-45ED-9B0B-5942AF51229C}.Debug|x64.ActiveCfg = Debug|x64
		{EE5F8367-9220-45ED-9B0B-5942AF51229C}.Debug|x64.Build.0 = Debug|x64
		{EE5F8367-9220-45ED-9B0B-5942AF51229C}.Debug|x86.ActiveCfg = Debug|Win32
		{EE5F8367-9220-45ED-9B0B-5942AF51229C}.Debug|x86.Build.0 = Debug|Win32
		{EE5F8367-9220-45ED-9B0B-5942AF51229C}.Release|x64.ActiveCfg = Release|x64
		{EE5F8367-9220-45ED-9B0B-5942AF51229C}.Release|x64.Build.0 = Release|x64
		{EE5F8367-9220-45ED-9B0B-5942AF51229C}.Release|x86.ActiveCfg = Release|Win32
		{EE5F8367-9220-45ED-9B0B-5942AF51229C}.Release|x86.Build.0 = Release|Win32
	EndGlobalSection
	GlobalSection(SolutionProperties) = preSolution
		HideSolutionNode = FALSE
	EndGlobalSection
	GlobalSection(ExtensibilityGlobals) = postSolution
		SolutionGuid = {294F5C87-16ED-4F2D-A14F-2270C517ED54}
	EndGlobalSection
EndGlobal
