
Microsoft Visual Studio Solution File, Format Version 12.00
# Visual Studio Version 17
VisualStudioVersion = 17.10.35004.147
MinimumVisualStudioVersion = 10.0.40219.1
Project("{6989167D-11E4-40FE-8C1A-2192A86A7E90}") = "zonebudget", "zonebudget.vfproj", "{E7756A4E-003C-4D3D-B618-CC2BE6D20B04}"
EndProject
Global
	GlobalSection(SolutionConfigurationPlatforms) = preSolution
		Debug|x64 = Debug|x64
		Release|x64 = Release|x64
	EndGlobalSection
	GlobalSection(ProjectConfigurationPlatforms) = postSolution
		{E7756A4E-003C-4D3D-B618-CC2BE6D20B04}.Debug|x64.ActiveCfg = Debug|x64
		{E7756A4E-003C-4D3D-B618-CC2BE6D20B04}.Debug|x64.Build.0 = Debug|x64
		{E7756A4E-003C-4D3D-B618-CC2BE6D20B04}.Release|x64.ActiveCfg = Release|x64
		{E7756A4E-003C-4D3D-B618-CC2BE6D20B04}.Release|x64.Build.0 = Release|x64
	EndGlobalSection
	GlobalSection(SolutionProperties) = preSolution
		HideSolutionNode = FALSE
	EndGlobalSection
	GlobalSection(ExtensibilityGlobals) = postSolution
		SolutionGuid = {655FB439-DE46-46A6-B2CE-1A6AF722199E}
	EndGlobalSection
EndGlobal
